
Microsoft Visual Studio Solution File, Format Version 12.00
# Visual Studio Version 16
VisualStudioVersion = 16.0.31605.320
MinimumVisualStudioVersion = 10.0.40219.1
Project("{FAE04EC0-301F-11D3-BF4B-00C04F79EFBC}") = "ProjetoMTA", "ProjetoMTA\ProjetoMTA.csproj", "{A37D9D10-93B8-4D71-9C4B-1B9797EBDD62}"
EndProject
Project("{FAE04EC0-301F-11D3-BF4B-00C04F79EFBC}") = "DataBase", "DataBase\DataBase.csproj", "{3308019D-4009-4C7B-A31E-C557679587AD}"
EndProject
Global
	GlobalSection(SolutionConfigurationPlatforms) = preSolution
		Debug|Any CPU = Debug|Any CPU
		Release|Any CPU = Release|Any CPU
	EndGlobalSection
	GlobalSection(ProjectConfigurationPlatforms) = postSolution
		{A37D9D10-93B8-4D71-9C4B-1B9797EBDD62}.Debug|Any CPU.ActiveCfg = Debug|Any CPU
		{A37D9D10-93B8-4D71-9C4B-1B9797EBDD62}.Debug|Any CPU.Build.0 = Debug|Any CPU
		{A37D9D10-93B8-4D71-9C4B-1B9797EBDD62}.Release|Any CPU.ActiveCfg = Release|Any CPU
		{A37D9D10-93B8-4D71-9C4B-1B9797EBDD62}.Release|Any CPU.Build.0 = Release|Any CPU
		{3308019D-4009-4C7B-A31E-C557679587AD}.Debug|Any CPU.ActiveCfg = Debug|Any CPU
		{3308019D-4009-4C7B-A31E-C557679587AD}.Debug|Any CPU.Build.0 = Debug|Any CPU
		{3308019D-4009-4C7B-A31E-C557679587AD}.Release|Any CPU.ActiveCfg = Release|Any CPU
		{3308019D-4009-4C7B-A31E-C557679587AD}.Release|Any CPU.Build.0 = Release|Any CPU
	EndGlobalSection
	GlobalSection(SolutionProperties) = preSolution
		HideSolutionNode = FALSE
	EndGlobalSection
	GlobalSection(ExtensibilityGlobals) = postSolution
		SolutionGuid = {4FDCA745-56A3-4AF3-80A2-3ECA3A3B7978}
	EndGlobalSection
EndGlobal
